// !$*UTF8*$!
{
	archiveVersion = 1;
	classes = {
	};
	objectVersion = 56;
	objects = {

/* Begin PBXBuildFile section */
		D5DE7F062993E9BE00DC463E /* main.swift in Sources */ = {isa = PBXBuildFile; fileRef = D5DE7F052993E9BE00DC463E /* main.swift */; };
		D5DE7F132993EF0200DC463E /* AppDelegate.swift in Sources */ = {isa = PBXBuildFile; fileRef = D5DE7F122993EF0200DC463E /* AppDelegate.swift */; };
		D5DE7F152993EF0300DC463E /* Assets.xcassets in Resources */ = {isa = PBXBuildFile; fileRef = D5DE7F142993EF0300DC463E /* Assets.xcassets */; };
		D5DE7F182993EF0300DC463E /* MainMenu.xib in Resources */ = {isa = PBXBuildFile; fileRef = D5DE7F162993EF0300DC463E /* MainMenu.xib */; };
/* End PBXBuildFile section */

/* Begin PBXCopyFilesBuildPhase section */
		D5DE7F002993E9BE00DC463E /* CopyFiles */ = {
			isa = PBXCopyFilesBuildPhase;
			buildActionMask = 2147483647;
			dstPath = /usr/share/man/man1/;
			dstSubfolderSpec = 0;
			files = (
			);
			runOnlyForDeploymentPostprocessing = 1;
		};
/* End PBXCopyFilesBuildPhase section */

/* Begin PBXFileReference section */
		D5DE7F022993E9BE00DC463E /* voiceisolation-example-cli */ = {isa = PBXFileReference; explicitFileType = "compiled.mach-o.executable"; includeInIndex = 0; path = "voiceisolation-example-cli"; sourceTree = BUILT_PRODUCTS_DIR; };
		D5DE7F052993E9BE00DC463E /* main.swift */ = {isa = PBXFileReference; lastKnownFileType = sourcecode.swift; path = main.swift; sourceTree = "<group>"; };
		D5DE7F102993EF0200DC463E /* voiceisolation-example-app.app */ = {isa = PBXFileReference; explicitFileType = wrapper.application; includeInIndex = 0; path = "voiceisolation-example-app.app"; sourceTree = BUILT_PRODUCTS_DIR; };
		D5DE7F122993EF0200DC463E /* AppDelegate.swift */ = {isa = PBXFileReference; lastKnownFileType = sourcecode.swift; path = AppDelegate.swift; sourceTree = "<group>"; };
		D5DE7F142993EF0300DC463E /* Assets.xcassets */ = {isa = PBXFileReference; lastKnownFileType = folder.assetcatalog; path = Assets.xcassets; sourceTree = "<group>"; };
		D5DE7F172993EF0300DC463E /* Base */ = {isa = PBXFileReference; lastKnownFileType = file.xib; name = Base; path = Base.lproj/MainMenu.xib; sourceTree = "<group>"; };
		D5DE7F192993EF0300DC463E /* voiceisolation-example_app.entitlements */ = {isa = PBXFileReference; lastKnownFileType = text.plist.entitlements; path = voiceisolation-example_app.entitlements; sourceTree = "<group>"; };
		E269B7312B5190730017EF27 /* Info.plist */ = {isa = PBXFileReference; lastKnownFileType = text.plist; path = Info.plist; sourceTree = "<group>"; };
/* End PBXFileReference section */

/* Begin PBXFrameworksBuildPhase section */
		D5DE7EFF2993E9BE00DC463E /* Frameworks */ = {
			isa = PBXFrameworksBuildPhase;
			buildActionMask = 2147483647;
			files = (
			);
			runOnlyForDeploymentPostprocessing = 0;
		};
		D5DE7F0D2993EF0200DC463E /* Frameworks */ = {
			isa = PBXFrameworksBuildPhase;
			buildActionMask = 2147483647;
			files = (
			);
			runOnlyForDeploymentPostprocessing = 0;
		};
/* End PBXFrameworksBuildPhase section */

/* Begin PBXGroup section */
		D5DE7EF92993E9BE00DC463E = {
			isa = PBXGroup;
			children = (
				D5DE7F042993E9BE00DC463E /* voiceisolation-example-cli */,
				D5DE7F112993EF0200DC463E /* voiceisolation-example-app */,
				D5DE7F032993E9BE00DC463E /* Products */,
			);
			sourceTree = "<group>";
		};
		D5DE7F032993E9BE00DC463E /* Products */ = {
			isa = PBXGroup;
			children = (
				D5DE7F022993E9BE00DC463E /* voiceisolation-example-cli */,
				D5DE7F102993EF0200DC463E /* voiceisolation-example-app.app */,
			);
			name = Products;
			sourceTree = "<group>";
		};
		D5DE7F042993E9BE00DC463E /* voiceisolation-example-cli */ = {
			isa = PBXGroup;
			children = (
				D5DE7F052993E9BE00DC463E /* main.swift */,
			);
			path = "voiceisolation-example-cli";
			sourceTree = "<group>";
		};
		D5DE7F112993EF0200DC463E /* voiceisolation-example-app */ = {
			isa = PBXGroup;
			children = (
				E269B7312B5190730017EF27 /* Info.plist */,
				D5DE7F122993EF0200DC463E /* AppDelegate.swift */,
				D5DE7F142993EF0300DC463E /* Assets.xcassets */,
				D5DE7F162993EF0300DC463E /* MainMenu.xib */,
				D5DE7F192993EF0300DC463E /* voiceisolation-example_app.entitlements */,
			);
			path = "voiceisolation-example-app";
			sourceTree = "<group>";
		};
/* End PBXGroup section */

/* Begin PBXNativeTarget section */
		D5DE7F012993E9BE00DC463E /* voiceisolation-example-cli */ = {
			isa = PBXNativeTarget;
			buildConfigurationList = D5DE7F092993E9BE00DC463E /* Build configuration list for PBXNativeTarget "voiceisolation-example-cli" */;
			buildPhases = (
				D5DE7EFE2993E9BE00DC463E /* Sources */,
				D5DE7EFF2993E9BE00DC463E /* Frameworks */,
				D5DE7F002993E9BE00DC463E /* CopyFiles */,
			);
			buildRules = (
			);
			dependencies = (
			);
			name = "voiceisolation-example-cli";
			productName = "voiceisolation-example-cli";
			productReference = D5DE7F022993E9BE00DC463E /* voiceisolation-example-cli */;
			productType = "com.apple.product-type.tool";
		};
		D5DE7F0F2993EF0200DC463E /* voiceisolation-example-app */ = {
			isa = PBXNativeTarget;
			buildConfigurationList = D5DE7F1A2993EF0300DC463E /* Build configuration list for PBXNativeTarget "voiceisolation-example-app" */;
			buildPhases = (
				D5DE7F0C2993EF0200DC463E /* Sources */,
				D5DE7F0D2993EF0200DC463E /* Frameworks */,
				D5DE7F0E2993EF0200DC463E /* Resources */,
			);
			buildRules = (
			);
			dependencies = (
			);
			name = "voiceisolation-example-app";
			productName = "voiceisolation-example-app";
			productReference = D5DE7F102993EF0200DC463E /* voiceisolation-example-app.app */;
			productType = "com.apple.product-type.application";
		};
/* End PBXNativeTarget section */

/* Begin PBXProject section */
		D5DE7EFA2993E9BE00DC463E /* Project object */ = {
			isa = PBXProject;
			attributes = {
				BuildIndependentTargetsInParallel = 1;
				LastSwiftUpdateCheck = 1420;
				LastUpgradeCheck = 1420;
				TargetAttributes = {
					D5DE7F012993E9BE00DC463E = {
						CreatedOnToolsVersion = 14.2;
					};
					D5DE7F0F2993EF0200DC463E = {
						CreatedOnToolsVersion = 14.2;
					};
				};
			};
			buildConfigurationList = D5DE7EFD2993E9BE00DC463E /* Build configuration list for PBXProject "voiceisolation-example" */;
			compatibilityVersion = "Xcode 14.0";
			developmentRegion = en;
			hasScannedForEncodings = 0;
			knownRegions = (
				en,
				Base,
			);
			mainGroup = D5DE7EF92993E9BE00DC463E;
			productRefGroup = D5DE7F032993E9BE00DC463E /* Products */;
			projectDirPath = "";
			projectRoot = "";
			targets = (
				D5DE7F012993E9BE00DC463E /* voiceisolation-example-cli */,
				D5DE7F0F2993EF0200DC463E /* voiceisolation-example-app */,
			);
		};
/* End PBXProject section */

/* Begin PBXResourcesBuildPhase section */
		D5DE7F0E2993EF0200DC463E /* Resources */ = {
			isa = PBXResourcesBuildPhase;
			buildActionMask = 2147483647;
			files = (
				D5DE7F152993EF0300DC463E /* Assets.xcassets in Resources */,
				D5DE7F182993EF0300DC463E /* MainMenu.xib in Resources */,
			);
			runOnlyForDeploymentPostprocessing = 0;
		};
/* End PBXResourcesBuildPhase section */

/* Begin PBXSourcesBuildPhase section */
		D5DE7EFE2993E9BE00DC463E /* Sources */ = {
			isa = PBXSourcesBuildPhase;
			buildActionMask = 2147483647;
			files = (
				D5DE7F062993E9BE00DC463E /* main.swift in Sources */,
			);
			runOnlyForDeploymentPostprocessing = 0;
		};
		D5DE7F0C2993EF0200DC463E /* Sources */ = {
			isa = PBXSourcesBuildPhase;
			buildActionMask = 2147483647;
			files = (
				D5DE7F132993EF0200DC463E /* AppDelegate.swift in Sources */,
			);
			runOnlyForDeploymentPostprocessing = 0;
		};
/* End PBXSourcesBuildPhase section */

/* Begin PBXVariantGroup section */
		D5DE7F162993EF0300DC463E /* MainMenu.xib */ = {
			isa = PBXVariantGroup;
			children = (
				D5DE7F172993EF0300DC463E /* Base */,
			);
			name = MainMenu.xib;
			sourceTree = "<group>";
		};
/* End PBXVariantGroup section */

/* Begin XCBuildConfiguration section */
		D5DE7F072993E9BE00DC463E /* Debug */ = {
			isa = XCBuildConfiguration;
			buildSettings = {
				ALWAYS_SEARCH_USER_PATHS = NO;
				CLANG_ANALYZER_NONNULL = YES;
				CLANG_ANALYZER_NUMBER_OBJECT_CONVERSION = YES_AGGRESSIVE;
				CLANG_CXX_LANGUAGE_STANDARD = "gnu++20";
				CLANG_ENABLE_MODULES = YES;
				CLANG_ENABLE_OBJC_ARC = YES;
				CLANG_ENABLE_OBJC_WEAK = YES;
				CLANG_WARN_BLOCK_CAPTURE_AUTORELEASING = YES;
				CLANG_WARN_BOOL_CONVERSION = YES;
				CLANG_WARN_COMMA = YES;
				CLANG_WARN_CONSTANT_CONVERSION = YES;
				CLANG_WARN_DEPRECATED_OBJC_IMPLEMENTATIONS = YES;
				CLANG_WARN_DIRECT_OBJC_ISA_USAGE = YES_ERROR;
				CLANG_WARN_DOCUMENTATION_COMMENTS = YES;
				CLANG_WARN_EMPTY_BODY = YES;
				CLANG_WARN_ENUM_CONVERSION = YES;
				CLANG_WARN_INFINITE_RECURSION = YES;
				CLANG_WARN_INT_CONVERSION = YES;
				CLANG_WARN_NON_LITERAL_NULL_CONVERSION = YES;
				CLANG_WARN_OBJC_IMPLICIT_RETAIN_SELF = YES;
				CLANG_WARN_OBJC_LITERAL_CONVERSION = YES;
				CLANG_WARN_OBJC_ROOT_CLASS = YES_ERROR;
				CLANG_WARN_QUOTED_INCLUDE_IN_FRAMEWORK_HEADER = YES;
				CLANG_WARN_RANGE_LOOP_ANALYSIS = YES;
				CLANG_WARN_STRICT_PROTOTYPES = YES;
				CLANG_WARN_SUSPICIOUS_MOVE = YES;
				CLANG_WARN_UNGUARDED_AVAILABILITY = YES_AGGRESSIVE;
				CLANG_WARN_UNREACHABLE_CODE = YES;
				CLANG_WARN__DUPLICATE_METHOD_MATCH = YES;
				COPY_PHASE_STRIP = NO;
				DEBUG_INFORMATION_FORMAT = dwarf;
				ENABLE_STRICT_OBJC_MSGSEND = YES;
				ENABLE_TESTABILITY = YES;
				GCC_C_LANGUAGE_STANDARD = gnu11;
				GCC_DYNAMIC_NO_PIC = NO;
				GCC_NO_COMMON_BLOCKS = YES;
				GCC_OPTIMIZATION_LEVEL = 0;
				GCC_PREPROCESSOR_DEFINITIONS = (
					"DEBUG=1",
					"$(inherited)",
				);
				GCC_WARN_64_TO_32_BIT_CONVERSION = YES;
				GCC_WARN_ABOUT_RETURN_TYPE = YES_ERROR;
				GCC_WARN_UNDECLARED_SELECTOR = YES;
				GCC_WARN_UNINITIALIZED_AUTOS = YES_AGGRESSIVE;
				GCC_WARN_UNUSED_FUNCTION = YES;
				GCC_WARN_UNUSED_VARIABLE = YES;
				MACOSX_DEPLOYMENT_TARGET = 13.1;
				MTL_ENABLE_DEBUG_INFO = INCLUDE_SOURCE;
				MTL_FAST_MATH = YES;
				ONLY_ACTIVE_ARCH = YES;
				SDKROOT = macosx;
				SWIFT_ACTIVE_COMPILATION_CONDITIONS = DEBUG;
				SWIFT_OPTIMIZATION_LEVEL = "-Onone";
			};
			name = Debug;
		};
		D5DE7F082993E9BE00DC463E /* Release */ = {
			isa = XCBuildConfiguration;
			buildSettings = {
				ALWAYS_SEARCH_USER_PATHS = NO;
				CLANG_ANALYZER_NONNULL = YES;
				CLANG_ANALYZER_NUMBER_OBJECT_CONVERSION = YES_AGGRESSIVE;
				CLANG_CXX_LANGUAGE_STANDARD = "gnu++20";
				CLANG_ENABLE_MODULES = YES;
				CLANG_ENABLE_OBJC_ARC = YES;
				CLANG_ENABLE_OBJC_WEAK = YES;
				CLANG_WARN_BLOCK_CAPTURE_AUTORELEASING = YES;
				CLANG_WARN_BOOL_CONVERSION = YES;
				CLANG_WARN_COMMA = YES;
				CLANG_WARN_CONSTANT_CONVERSION = YES;
				CLANG_WARN_DEPRECATED_OBJC_IMPLEMENTATIONS = YES;
				CLANG_WARN_DIRECT_OBJC_ISA_USAGE = YES_ERROR;
				CLANG_WARN_DOCUMENTATION_COMMENTS = YES;
				CLANG_WARN_EMPTY_BODY = YES;
				CLANG_WARN_ENUM_CONVERSION = YES;
				CLANG_WARN_INFINITE_RECURSION = YES;
				CLANG_WARN_INT_CONVERSION = YES;
				CLANG_WARN_NON_LITERAL_NULL_CONVERSION = YES;
				CLANG_WARN_OBJC_IMPLICIT_RETAIN_SELF = YES;
				CLANG_WARN_OBJC_LITERAL_CONVERSION = YES;
				CLANG_WARN_OBJC_ROOT_CLASS = YES_ERROR;
				CLANG_WARN_QUOTED_INCLUDE_IN_FRAMEWORK_HEADER = YES;
				CLANG_WARN_RANGE_LOOP_ANALYSIS = YES;
				CLANG_WARN_STRICT_PROTOTYPES = YES;
				CLANG_WARN_SUSPICIOUS_MOVE = YES;
				CLANG_WARN_UNGUARDED_AVAILABILITY = YES_AGGRESSIVE;
				CLANG_WARN_UNREACHABLE_CODE = YES;
				CLANG_WARN__DUPLICATE_METHOD_MATCH = YES;
				COPY_PHASE_STRIP = NO;
				DEBUG_INFORMATION_FORMAT = "dwarf-with-dsym";
				ENABLE_NS_ASSERTIONS = NO;
				ENABLE_STRICT_OBJC_MSGSEND = YES;
				GCC_C_LANGUAGE_STANDARD = gnu11;
				GCC_NO_COMMON_BLOCKS = YES;
				GCC_WARN_64_TO_32_BIT_CONVERSION = YES;
				GCC_WARN_ABOUT_RETURN_TYPE = YES_ERROR;
				GCC_WARN_UNDECLARED_SELECTOR = YES;
				GCC_WARN_UNINITIALIZED_AUTOS = YES_AGGRESSIVE;
				GCC_WARN_UNUSED_FUNCTION = YES;
				GCC_WARN_UNUSED_VARIABLE = YES;
				MACOSX_DEPLOYMENT_TARGET = 13.1;
				MTL_ENABLE_DEBUG_INFO = NO;
				MTL_FAST_MATH = YES;
				SDKROOT = macosx;
				SWIFT_COMPILATION_MODE = wholemodule;
				SWIFT_OPTIMIZATION_LEVEL = "-O";
			};
			name = Release;
		};
		D5DE7F0A2993E9BE00DC463E /* Debug */ = {
			isa = XCBuildConfiguration;
			buildSettings = {
				CODE_SIGN_STYLE = Automatic;
				PRODUCT_NAME = "$(TARGET_NAME)";
				SWIFT_VERSION = 5.0;
			};
			name = Debug;
		};
		D5DE7F0B2993E9BE00DC463E /* Release */ = {
			isa = XCBuildConfiguration;
			buildSettings = {
				CODE_SIGN_STYLE = Automatic;
				PRODUCT_NAME = "$(TARGET_NAME)";
				SWIFT_VERSION = 5.0;
			};
			name = Release;
		};
		D5DE7F1B2993EF0300DC463E /* Debug */ = {
			isa = XCBuildConfiguration;
			buildSettings = {
				ASSETCATALOG_COMPILER_APPICON_NAME = AppIcon;
				ASSETCATALOG_COMPILER_GLOBAL_ACCENT_COLOR_NAME = AccentColor;
				CODE_SIGN_ENTITLEMENTS = "voiceisolation-example-app/voiceisolation-example_app.entitlements";
				CODE_SIGN_STYLE = Automatic;
				COMBINE_HIDPI_IMAGES = YES;
				CURRENT_PROJECT_VERSION = 1;
				DEVELOPMENT_TEAM = WT5N9FK54M;
				GENERATE_INFOPLIST_FILE = YES;
				INFOPLIST_FILE = "voiceisolation-example-app/Info.plist";
				INFOPLIST_KEY_NSCameraUsageDescription = "Record video.";
				INFOPLIST_KEY_NSHumanReadableCopyright = "";
				INFOPLIST_KEY_NSMainNibFile = MainMenu;
				INFOPLIST_KEY_NSMicrophoneUsageDescription = "Record audio.";
				INFOPLIST_KEY_NSPrincipalClass = NSApplication;
				LD_RUNPATH_SEARCH_PATHS = (
					"$(inherited)",
					"@executable_path/../Frameworks",
				);
				MARKETING_VERSION = 1.0;
				PRODUCT_BUNDLE_IDENTIFIER = "com.nonstrict.demo.voiceisolation-example-app";
				PRODUCT_NAME = "$(TARGET_NAME)";
				SWIFT_EMIT_LOC_STRINGS = YES;
				SWIFT_VERSION = 5.0;
			};
			name = Debug;
		};
		D5DE7F1C2993EF0300DC463E /* Release */ = {
			isa = XCBuildConfiguration;
			buildSettings = {
				ASSETCATALOG_COMPILER_APPICON_NAME = AppIcon;
				ASSETCATALOG_COMPILER_GLOBAL_ACCENT_COLOR_NAME = AccentColor;
				CODE_SIGN_ENTITLEMENTS = "voiceisolation-example-app/voiceisolation-example_app.entitlements";
				CODE_SIGN_STYLE = Automatic;
				COMBINE_HIDPI_IMAGES = YES;
				CURRENT_PROJECT_VERSION = 1;
				DEVELOPMENT_TEAM = WT5N9FK54M;
				GENERATE_INFOPLIST_FILE = YES;
				INFOPLIST_FILE = "voiceisolation-example-app/Info.plist";
				INFOPLIST_KEY_NSCameraUsageDescription = "Record video.";
				INFOPLIST_KEY_NSHumanReadableCopyright = "";
				INFOPLIST_KEY_NSMainNibFile = MainMenu;
				INFOPLIST_KEY_NSMicrophoneUsageDescription = "Record audio.";
				INFOPLIST_KEY_NSPrincipalClass = NSApplication;
				LD_RUNPATH_SEARCH_PATHS = (
					"$(inherited)",
					"@executable_path/../Frameworks",
				);
				MARKETING_VERSION = 1.0;
				PRODUCT_BUNDLE_IDENTIFIER = "com.nonstrict.demo.voiceisolation-example-app";
				PRODUCT_NAME = "$(TARGET_NAME)";
				SWIFT_EMIT_LOC_STRINGS = YES;
				SWIFT_VERSION = 5.0;
			};
			name = Release;
		};
/* End XCBuildConfiguration section */

/* Begin XCConfigurationList section */
		D5DE7EFD2993E9BE00DC463E /* Build configuration list for PBXProject "voiceisolation-example" */ = {
			isa = XCConfigurationList;
			buildConfigurations = (
				D5DE7F072993E9BE00DC463E /* Debug */,
				D5DE7F082993E9BE00DC463E /* Release */,
			);
			defaultConfigurationIsVisible = 0;
			defaultConfigurationName = Release;
		};
		D5DE7F092993E9BE00DC463E /* Build configuration list for PBXNativeTarget "voiceisolation-example-cli" */ = {
			isa = XCConfigurationList;
			buildConfigurations = (
				D5DE7F0A2993E9BE00DC463E /* Debug */,
				D5DE7F0B2993E9BE00DC463E /* Release */,
			);
			defaultConfigurationIsVisible = 0;
			defaultConfigurationName = Release;
		};
		D5DE7F1A2993EF0300DC463E /* Build configuration list for PBXNativeTarget "voiceisolation-example-app" */ = {
			isa = XCConfigurationList;
			buildConfigurations = (
				D5DE7F1B2993EF0300DC463E /* Debug */,
				D5DE7F1C2993EF0300DC463E /* Release */,
			);
			defaultConfigurationIsVisible = 0;
			defaultConfigurationName = Release;
		};
/* End XCConfigurationList section */
	};
	rootObject = D5DE7EFA2993E9BE00DC463E /* Project object */;
}
